
Microsoft Visual Studio Solution File, Format Version 12.00
# Visual Studio Version 16
VisualStudioVersion = 16.0.31321.278
MinimumVisualStudioVersion = 10.0.40219.1
Project("{FAE04EC0-301F-11D3-BF4B-00C04F79EFBC}") = "Visual Studio Settings", "XMAL Form\Visual Studio Settings.csproj", "{BA7A2C7F-B94F-4981-A730-1AB43B9FA330}"
EndProject
Project("{FAE04EC0-301F-11D3-BF4B-00C04F79EFBC}") = "Settings Game", "Settings Game\Settings Game.csproj", "{2C0B8EEA-B73D-4103-963E-AE462C73ADDD}"
EndProject
Global
	GlobalSection(SolutionConfigurationPlatforms) = preSolution
		Debug|Any CPU = Debug|Any CPU
		Release|Any CPU = Release|Any CPU
	EndGlobalSection
	GlobalSection(ProjectConfigurationPlatforms) = postSolution
		{BA7A2C7F-B94F-4981-A730-1AB43B9FA330}.Debug|Any CPU.ActiveCfg = Debug|Any CPU
		{BA7A2C7F-B94F-4981-A730-1AB43B9FA330}.Debug|Any CPU.Build.0 = Debug|Any CPU
		{BA7A2C7F-B94F-4981-A730-1AB43B9FA330}.Release|Any CPU.ActiveCfg = Release|Any CPU
		{BA7A2C7F-B94F-4981-A730-1AB43B9FA330}.Release|Any CPU.Build.0 = Release|Any CPU
		{2C0B8EEA-B73D-4103-963E-AE462C73ADDD}.Debug|Any CPU.ActiveCfg = Debug|Any CPU
		{2C0B8EEA-B73D-4103-963E-AE462C73ADDD}.Debug|Any CPU.Build.0 = Debug|Any CPU
		{2C0B8EEA-B73D-4103-963E-AE462C73ADDD}.Release|Any CPU.ActiveCfg = Release|Any CPU
		{2C0B8EEA-B73D-4103-963E-AE462C73ADDD}.Release|Any CPU.Build.0 = Release|Any CPU
	EndGlobalSection
	GlobalSection(SolutionProperties) = preSolution
		HideSolutionNode = FALSE
	EndGlobalSection
	GlobalSection(ExtensibilityGlobals) = postSolution
		SolutionGuid = {26ED9750-9694-4026-8BB3-C59F8210CDF4}
	EndGlobalSection
EndGlobal
